
Microsoft Visual Studio Solution File, Format Version 12.00
# Visual Studio Version 16
VisualStudioVersion = 16.0.30320.27
MinimumVisualStudioVersion = 10.0.40219.1
Project("{FAE04EC0-301F-11D3-BF4B-00C04F79EFBC}") = "ClassAssignment3", "ClassAssignment3.csproj", "{6284B7FA-F7AF-4D1A-AEF8-8491800A36DF}"
EndProject
Global
	GlobalSection(SolutionConfigurationPlatforms) = preSolution
		Debug|Any CPU = Debug|Any CPU
		Release|Any CPU = Release|Any CPU
	EndGlobalSection
	GlobalSection(ProjectConfigurationPlatforms) = postSolution
		{6284B7FA-F7AF-4D1A-AEF8-8491800A36DF}.Debug|Any CPU.ActiveCfg = Debug|Any CPU
		{6284B7FA-F7AF-4D1A-AEF8-8491800A36DF}.Debug|Any CPU.Build.0 = Debug|Any CPU
		{6284B7FA-F7AF-4D1A-AEF8-8491800A36DF}.Release|Any CPU.ActiveCfg = Release|Any CPU
		{6284B7FA-F7AF-4D1A-AEF8-8491800A36DF}.Release|Any CPU.Build.0 = Release|Any CPU
	EndGlobalSection
	GlobalSection(SolutionProperties) = preSolution
		HideSolutionNode = FALSE
	EndGlobalSection
	GlobalSection(ExtensibilityGlobals) = postSolution
		SolutionGuid = {478836D5-2893-4B9D-BA94-F680A36C4EC4}
	EndGlobalSection
EndGlobal
